{
  "nodes": {
    "nixpkgs": {
      "locked": {
        "lastModified": 1790463110,
        "narHash": "sha256-hKlVl12B1dF0Q5vd9dY3lIJM5mFGWYSlXwSLAqHZ1+s=",
        "owner": "NixOS",
        "repo": "nixpkgs",
        "rev": "e158d9ed9b51c98974c5e66e1ba1c9e0255fecaa",
        "type": "github"
      },
      "original": {
        "owner": "NixOS",
        "ref": "nixos-unstable",
        "repo": "nixpkgs",
        "type": "github"
      }
    },
    "root": {
      "inputs": {
        "nixpkgs": "nixpkgs",
        "wherever": "wherever"
      }
    },
    "wherever": {
      "flake": false,
      "locked": {
        "lastModified": 1790514971,
        "narHash": "sha256-EAG5UQFycBWJSgBhyjwu0JbQeviTcRTo1b8hwoz+i70=",
        "owner": "wighawag",
        "repo": "wherever",
        "rev": "14f259641f44630b72430035cac1c275b2901ae4",
        "type": "github"
      },
      "original": {
        "owner": "wighawag",
        "repo": "wherever",
        "rev": "14f259641f44630b72430035cac1c275b2901ae4",
        "type": "github"
      }
    }
  },
  "root": "root",
  "version": 7
}
